
Microsoft Visual Studio Solution File, Format Version 12.00
# Visual Studio Version 16
VisualStudioVersion = 16.0.29519.87
MinimumVisualStudioVersion = 10.0.40219.1
Project("{FAE04EC0-301F-11D3-BF4B-00C04F79EFBC}") = "offcloud", "offcloud.csproj", "{2F6C6F1B-8F8A-4946-AD75-7262C19B3161}"
EndProject
Global
	GlobalSection(SolutionConfigurationPlatforms) = preSolution
		Debug|Any CPU = Debug|Any CPU
		Release|Any CPU = Release|Any CPU
	EndGlobalSection
	GlobalSection(ProjectConfigurationPlatforms) = postSolution
		{2F6C6F1B-8F8A-4946-AD75-7262C19B3161}.Debug|Any CPU.ActiveCfg = Debug|Any CPU
		{2F6C6F1B-8F8A-4946-AD75-7262C19B3161}.Debug|Any CPU.Build.0 = Debug|Any CPU
		{2F6C6F1B-8F8A-4946-AD75-7262C19B3161}.Release|Any CPU.ActiveCfg = Release|Any CPU
		{2F6C6F1B-8F8A-4946-AD75-7262C19B3161}.Release|Any CPU.Build.0 = Release|Any CPU
	EndGlobalSection
	GlobalSection(SolutionProperties) = preSolution
		HideSolutionNode = FALSE
	EndGlobalSection
	GlobalSection(ExtensibilityGlobals) = postSolution
		SolutionGuid = {CB4269E4-D6C9-4AAE-81C2-849BE4DC0C00}
	EndGlobalSection
EndGlobal
